
Microsoft Visual Studio Solution File, Format Version 12.00
# Visual Studio Version 16
VisualStudioVersion = 16.0.32228.343
MinimumVisualStudioVersion = 10.0.40219.1
Project("{888888A0-9F3D-457C-B088-3A5042F75D52}") = "ACMOS", "ACMOS.pyproj", "{BD29FDB9-C65F-4567-8CAF-F3CCA303C61D}"
EndProject
Global
	GlobalSection(SolutionConfigurationPlatforms) = preSolution
		Debug|Any CPU = Debug|Any CPU
		Release|Any CPU = Release|Any CPU
	EndGlobalSection
	GlobalSection(ProjectConfigurationPlatforms) = postSolution
		{BD29FDB9-C65F-4567-8CAF-F3CCA303C61D}.Debug|Any CPU.ActiveCfg = Debug|Any CPU
		{BD29FDB9-C65F-4567-8CAF-F3CCA303C61D}.Release|Any CPU.ActiveCfg = Release|Any CPU
	EndGlobalSection
	GlobalSection(SolutionProperties) = preSolution
		HideSolutionNode = FALSE
	EndGlobalSection
	GlobalSection(ExtensibilityGlobals) = postSolution
		SolutionGuid = {9929891D-9294-4682-B084-B895FF9102C1}
	EndGlobalSection
EndGlobal
